// !$*UTF8*$!
{
	archiveVersion = 1;
	classes = {
	};
	objectVersion = 52;
	objects = {

/* Begin PBXBuildFile section */
		05755A1414D6B018CAE5C8B2 /* Pods_FlickriFy_FlickriFyUITests.framework in Frameworks */ = {isa = PBXBuildFile; fileRef = 29588B3A387BF7B8F925D868 /* Pods_FlickriFy_FlickriFyUITests.framework */; };
		31344EF4DC10F5D32238CA03 /* Pods_FlickriFyTests.framework in Frameworks */ = {isa = PBXBuildFile; fileRef = 39F39736CBCFA2B91B5CBF9C /* Pods_FlickriFyTests.framework */; };
		8396BDD625754F6500788134 /* FlickriFyApp.swift in Sources */ = {isa = PBXBuildFile; fileRef = 8396BDD525754F6500788134 /* FlickriFyApp.swift */; };
		8396BDD825754F6500788134 /* HomeView.swift in Sources */ = {isa = PBXBuildFile; fileRef = 8396BDD725754F6500788134 /* HomeView.swift */; };
		8396BDDA25754F6800788134 /* Assets.xcassets in Resources */ = {isa = PBXBuildFile; fileRef = 8396BDD925754F6800788134 /* Assets.xcassets */; };
		8396BDDD25754F6800788134 /* Preview Assets.xcassets in Resources */ = {isa = PBXBuildFile; fileRef = 8396BDDC25754F6800788134 /* Preview Assets.xcassets */; };
		8396BDE825754F6800788134 /* FlickriFyTests.swift in Sources */ = {isa = PBXBuildFile; fileRef = 8396BDE725754F6800788134 /* FlickriFyTests.swift */; };
		8396BDF325754F6800788134 /* FlickriFyUITests.swift in Sources */ = {isa = PBXBuildFile; fileRef = 8396BDF225754F6800788134 /* FlickriFyUITests.swift */; };
		8396BE092575516900788134 /* flickerLoading.json in Resources */ = {isa = PBXBuildFile; fileRef = 8396BE042575516800788134 /* flickerLoading.json */; };
		8396BE0A2575516900788134 /* peopleWithMobilePhones.json in Resources */ = {isa = PBXBuildFile; fileRef = 8396BE052575516800788134 /* peopleWithMobilePhones.json */; };
		8396BE0B2575516900788134 /* error404page.json in Resources */ = {isa = PBXBuildFile; fileRef = 8396BE062575516800788134 /* error404page.json */; };
		8396BE0C2575516900788134 /* flickLogoReveal.json in Resources */ = {isa = PBXBuildFile; fileRef = 8396BE072575516800788134 /* flickLogoReveal.json */; };
		8396BE0D2575516900788134 /* illustrationAnimation.json in Resources */ = {isa = PBXBuildFile; fileRef = 8396BE082575516800788134 /* illustrationAnimation.json */; };
		8396BE13257551EE00788134 /* LNPopupUI in Frameworks */ = {isa = PBXBuildFile; productRef = 8396BE12257551EE00788134 /* LNPopupUI */; };
		8396BE14257551EE00788134 /* LNPopupUI in Embed Frameworks */ = {isa = PBXBuildFile; productRef = 8396BE12257551EE00788134 /* LNPopupUI */; settings = {ATTRIBUTES = (CodeSignOnCopy, ); }; };
		8396BE1A2575521100788134 /* Lottie in Frameworks */ = {isa = PBXBuildFile; productRef = 8396BE192575521100788134 /* Lottie */; };
		8396BE362575535400788134 /* GoogleService-Info.plist in Resources */ = {isa = PBXBuildFile; fileRef = 8396BE352575535400788134 /* GoogleService-Info.plist */; };
		8396BE3A25755EEB00788134 /* LottieAnimationView.swift in Sources */ = {isa = PBXBuildFile; fileRef = 8396BE3925755EEB00788134 /* LottieAnimationView.swift */; };
		83CA1B472575741900E748F8 /* Utilis.swift in Sources */ = {isa = PBXBuildFile; fileRef = 83CA1B462575741900E748F8 /* Utilis.swift */; };
		83CA1B5125758BE200E748F8 /* NetworkingManager.swift in Sources */ = {isa = PBXBuildFile; fileRef = 83CA1B5025758BE200E748F8 /* NetworkingManager.swift */; };
		83CA1B552575945000E748F8 /* Model.swift in Sources */ = {isa = PBXBuildFile; fileRef = 83CA1B542575945000E748F8 /* Model.swift */; };
		83CA1B59257598D800E748F8 /* Alert.swift in Sources */ = {isa = PBXBuildFile; fileRef = 83CA1B58257598D700E748F8 /* Alert.swift */; };
		83CA1B5D25759C4900E748F8 /* PhotosListViewModel.swift in Sources */ = {isa = PBXBuildFile; fileRef = 83CA1B5C25759C4900E748F8 /* PhotosListViewModel.swift */; };
		83CA1B612575A40600E748F8 /* LocationManager.swift in Sources */ = {isa = PBXBuildFile; fileRef = 83CA1B602575A40600E748F8 /* LocationManager.swift */; };
		CA2F9A05933D017FB472E8AC /* Pods_FlickriFy.framework in Frameworks */ = {isa = PBXBuildFile; fileRef = 7D67C228FA1EC00CB13FBF23 /* Pods_FlickriFy.framework */; };
/* End PBXBuildFile section */

/* Begin PBXContainerItemProxy section */
		8396BDE425754F6800788134 /* PBXContainerItemProxy */ = {
			isa = PBXContainerItemProxy;
			containerPortal = 8396BDCA25754F6500788134 /* Project object */;
			proxyType = 1;
			remoteGlobalIDString = 8396BDD125754F6500788134;
			remoteInfo = FlickriFy;
		};
		8396BDEF25754F6800788134 /* PBXContainerItemProxy */ = {
			isa = PBXContainerItemProxy;
			containerPortal = 8396BDCA25754F6500788134 /* Project object */;
			proxyType = 1;
			remoteGlobalIDString = 8396BDD125754F6500788134;
			remoteInfo = FlickriFy;
		};
/* End PBXContainerItemProxy section */

/* Begin PBXCopyFilesBuildPhase section */
		8396BE15257551EE00788134 /* Embed Frameworks */ = {
			isa = PBXCopyFilesBuildPhase;
			buildActionMask = 2147483647;
			dstPath = "";
			dstSubfolderSpec = 10;
			files = (
				8396BE14257551EE00788134 /* LNPopupUI in Embed Frameworks */,
			);
			name = "Embed Frameworks";
			runOnlyForDeploymentPostprocessing = 0;
		};
/* End PBXCopyFilesBuildPhase section */

/* Begin PBXFileReference section */
		1E354494A9B46F9F03B481C0 /* Pods-FlickriFyTests.release.xcconfig */ = {isa = PBXFileReference; includeInIndex = 1; lastKnownFileType = text.xcconfig; name = "Pods-FlickriFyTests.release.xcconfig"; path = "Target Support Files/Pods-FlickriFyTests/Pods-FlickriFyTests.release.xcconfig"; sourceTree = "<group>"; };
		29588B3A387BF7B8F925D868 /* Pods_FlickriFy_FlickriFyUITests.framework */ = {isa = PBXFileReference; explicitFileType = wrapper.framework; includeInIndex = 0; path = Pods_FlickriFy_FlickriFyUITests.framework; sourceTree = BUILT_PRODUCTS_DIR; };
		39F39736CBCFA2B91B5CBF9C /* Pods_FlickriFyTests.framework */ = {isa = PBXFileReference; explicitFileType = wrapper.framework; includeInIndex = 0; path = Pods_FlickriFyTests.framework; sourceTree = BUILT_PRODUCTS_DIR; };
		3C241974C09A9C7E6FB0D3A4 /* Pods-FlickriFy-FlickriFyUITests.debug.xcconfig */ = {isa = PBXFileReference; includeInIndex = 1; lastKnownFileType = text.xcconfig; name = "Pods-FlickriFy-FlickriFyUITests.debug.xcconfig"; path = "Target Support Files/Pods-FlickriFy-FlickriFyUITests/Pods-FlickriFy-FlickriFyUITests.debug.xcconfig"; sourceTree = "<group>"; };
		5B9FA5A11E9A83AD0248BAA4 /* Pods-FlickriFy.release.xcconfig */ = {isa = PBXFileReference; includeInIndex = 1; lastKnownFileType = text.xcconfig; name = "Pods-FlickriFy.release.xcconfig"; path = "Target Support Files/Pods-FlickriFy/Pods-FlickriFy.release.xcconfig"; sourceTree = "<group>"; };
		737B18BDE902D10C28DCA2D8 /* Pods-FlickriFy-FlickriFyUITests.release.xcconfig */ = {isa = PBXFileReference; includeInIndex = 1; lastKnownFileType = text.xcconfig; name = "Pods-FlickriFy-FlickriFyUITests.release.xcconfig"; path = "Target Support Files/Pods-FlickriFy-FlickriFyUITests/Pods-FlickriFy-FlickriFyUITests.release.xcconfig"; sourceTree = "<group>"; };
		7D67C228FA1EC00CB13FBF23 /* Pods_FlickriFy.framework */ = {isa = PBXFileReference; explicitFileType = wrapper.framework; includeInIndex = 0; path = Pods_FlickriFy.framework; sourceTree = BUILT_PRODUCTS_DIR; };
		7FCA34FD545B8CC8E357CA2C /* Pods-FlickriFy.debug.xcconfig */ = {isa = PBXFileReference; includeInIndex = 1; lastKnownFileType = text.xcconfig; name = "Pods-FlickriFy.debug.xcconfig"; path = "Target Support Files/Pods-FlickriFy/Pods-FlickriFy.debug.xcconfig"; sourceTree = "<group>"; };
		8396BDD225754F6500788134 /* FlickriFy.app */ = {isa = PBXFileReference; explicitFileType = wrapper.application; includeInIndex = 0; path = FlickriFy.app; sourceTree = BUILT_PRODUCTS_DIR; };
		8396BDD525754F6500788134 /* FlickriFyApp.swift */ = {isa = PBXFileReference; lastKnownFileType = sourcecode.swift; path = FlickriFyApp.swift; sourceTree = "<group>"; };
		8396BDD725754F6500788134 /* HomeView.swift */ = {isa = PBXFileReference; lastKnownFileType = sourcecode.swift; path = HomeView.swift; sourceTree = "<group>"; };
		8396BDD925754F6800788134 /* Assets.xcassets */ = {isa = PBXFileReference; lastKnownFileType = folder.assetcatalog; path = Assets.xcassets; sourceTree = "<group>"; };
		8396BDDC25754F6800788134 /* Preview Assets.xcassets */ = {isa = PBXFileReference; lastKnownFileType = folder.assetcatalog; path = "Preview Assets.xcassets"; sourceTree = "<group>"; };
		8396BDDE25754F6800788134 /* Info.plist */ = {isa = PBXFileReference; lastKnownFileType = text.plist.xml; path = Info.plist; sourceTree = "<group>"; };
		8396BDE325754F6800788134 /* FlickriFyTests.xctest */ = {isa = PBXFileReference; explicitFileType = wrapper.cfbundle; includeInIndex = 0; path = FlickriFyTests.xctest; sourceTree = BUILT_PRODUCTS_DIR; };
		8396BDE725754F6800788134 /* FlickriFyTests.swift */ = {isa = PBXFileReference; lastKnownFileType = sourcecode.swift; path = FlickriFyTests.swift; sourceTree = "<group>"; };
		8396BDE925754F6800788134 /* Info.plist */ = {isa = PBXFileReference; lastKnownFileType = text.plist.xml; path = Info.plist; sourceTree = "<group>"; };
		8396BDEE25754F6800788134 /* FlickriFyUITests.xctest */ = {isa = PBXFileReference; explicitFileType = wrapper.cfbundle; includeInIndex = 0; path = FlickriFyUITests.xctest; sourceTree = BUILT_PRODUCTS_DIR; };
		8396BDF225754F6800788134 /* FlickriFyUITests.swift */ = {isa = PBXFileReference; lastKnownFileType = sourcecode.swift; path = FlickriFyUITests.swift; sourceTree = "<group>"; };
		8396BDF425754F6800788134 /* Info.plist */ = {isa = PBXFileReference; lastKnownFileType = text.plist.xml; path = Info.plist; sourceTree = "<group>"; };
		8396BE042575516800788134 /* flickerLoading.json */ = {isa = PBXFileReference; fileEncoding = 4; lastKnownFileType = text.json; path = flickerLoading.json; sourceTree = "<group>"; };
		8396BE052575516800788134 /* peopleWithMobilePhones.json */ = {isa = PBXFileReference; fileEncoding = 4; lastKnownFileType = text.json; path = peopleWithMobilePhones.json; sourceTree = "<group>"; };
		8396BE062575516800788134 /* error404page.json */ = {isa = PBXFileReference; fileEncoding = 4; lastKnownFileType = text.json; path = error404page.json; sourceTree = "<group>"; };
		8396BE072575516800788134 /* flickLogoReveal.json */ = {isa = PBXFileReference; fileEncoding = 4; lastKnownFileType = text.json; path = flickLogoReveal.json; sourceTree = "<group>"; };
		8396BE082575516800788134 /* illustrationAnimation.json */ = {isa = PBXFileReference; fileEncoding = 4; lastKnownFileType = text.json; path = illustrationAnimation.json; sourceTree = "<group>"; };
		8396BE352575535400788134 /* GoogleService-Info.plist */ = {isa = PBXFileReference; fileEncoding = 4; lastKnownFileType = text.plist.xml; path = "GoogleService-Info.plist"; sourceTree = "<group>"; };
		8396BE3925755EEB00788134 /* LottieAnimationView.swift */ = {isa = PBXFileReference; lastKnownFileType = sourcecode.swift; path = LottieAnimationView.swift; sourceTree = "<group>"; };
		83CA1B462575741900E748F8 /* Utilis.swift */ = {isa = PBXFileReference; lastKnownFileType = sourcecode.swift; path = Utilis.swift; sourceTree = "<group>"; };
		83CA1B5025758BE200E748F8 /* NetworkingManager.swift */ = {isa = PBXFileReference; lastKnownFileType = sourcecode.swift; path = NetworkingManager.swift; sourceTree = "<group>"; };
		83CA1B542575945000E748F8 /* Model.swift */ = {isa = PBXFileReference; lastKnownFileType = sourcecode.swift; path = Model.swift; sourceTree = "<group>"; };
		83CA1B58257598D700E748F8 /* Alert.swift */ = {isa = PBXFileReference; lastKnownFileType = sourcecode.swift; path = Alert.swift; sourceTree = "<group>"; };
		83CA1B5C25759C4900E748F8 /* PhotosListViewModel.swift */ = {isa = PBXFileReference; lastKnownFileType = sourcecode.swift; path = PhotosListViewModel.swift; sourceTree = "<group>"; };
		83CA1B602575A40600E748F8 /* LocationManager.swift */ = {isa = PBXFileReference; lastKnownFileType = sourcecode.swift; path = LocationManager.swift; sourceTree = "<group>"; };
		D2AD9EF7BA295090F3C8C56D /* Pods-FlickriFyTests.debug.xcconfig */ = {isa = PBXFileReference; includeInIndex = 1; lastKnownFileType = text.xcconfig; name = "Pods-FlickriFyTests.debug.xcconfig"; path = "Target Support Files/Pods-FlickriFyTests/Pods-FlickriFyTests.debug.xcconfig"; sourceTree = "<group>"; };
/* End PBXFileReference section */

/* Begin PBXFrameworksBuildPhase section */
		8396BDCF25754F6500788134 /* Frameworks */ = {
			isa = PBXFrameworksBuildPhase;
			buildActionMask = 2147483647;
			files = (
				8396BE13257551EE00788134 /* LNPopupUI in Frameworks */,
				8396BE1A2575521100788134 /* Lottie in Frameworks */,
				CA2F9A05933D017FB472E8AC /* Pods_FlickriFy.framework in Frameworks */,
			);
			runOnlyForDeploymentPostprocessing = 0;
		};
		8396BDE025754F6800788134 /* Frameworks */ = {
			isa = PBXFrameworksBuildPhase;
			buildActionMask = 2147483647;
			files = (
				31344EF4DC10F5D32238CA03 /* Pods_FlickriFyTests.framework in Frameworks */,
			);
			runOnlyForDeploymentPostprocessing = 0;
		};
		8396BDEB25754F6800788134 /* Frameworks */ = {
			isa = PBXFrameworksBuildPhase;
			buildActionMask = 2147483647;
			files = (
				05755A1414D6B018CAE5C8B2 /* Pods_FlickriFy_FlickriFyUITests.framework in Frameworks */,
			);
			runOnlyForDeploymentPostprocessing = 0;
		};
/* End PBXFrameworksBuildPhase section */

/* Begin PBXGroup section */
		2D7987143CDE9EF022FEF21F /* Frameworks */ = {
			isa = PBXGroup;
			children = (
				7D67C228FA1EC00CB13FBF23 /* Pods_FlickriFy.framework */,
				29588B3A387BF7B8F925D868 /* Pods_FlickriFy_FlickriFyUITests.framework */,
				39F39736CBCFA2B91B5CBF9C /* Pods_FlickriFyTests.framework */,
			);
			name = Frameworks;
			sourceTree = "<group>";
		};
		8396BDC925754F6500788134 = {
			isa = PBXGroup;
			children = (
				8396BDD425754F6500788134 /* FlickriFy */,
				8396BDE625754F6800788134 /* FlickriFyTests */,
				8396BDF125754F6800788134 /* FlickriFyUITests */,
				8396BDD325754F6500788134 /* Products */,
				A4FA9C88E48E4CF0ABEA6F34 /* Pods */,
				2D7987143CDE9EF022FEF21F /* Frameworks */,
			);
			sourceTree = "<group>";
		};
		8396BDD325754F6500788134 /* Products */ = {
			isa = PBXGroup;
			children = (
				8396BDD225754F6500788134 /* FlickriFy.app */,
				8396BDE325754F6800788134 /* FlickriFyTests.xctest */,
				8396BDEE25754F6800788134 /* FlickriFyUITests.xctest */,
			);
			name = Products;
			sourceTree = "<group>";
		};
		8396BDD425754F6500788134 /* FlickriFy */ = {
			isa = PBXGroup;
			children = (
				8396BDD525754F6500788134 /* FlickriFyApp.swift */,
				8396BDD725754F6500788134 /* HomeView.swift */,
				83CA1B6C2575A4F100E748F8 /* API */,
				83CA1B642575A4D100E748F8 /* Model */,
				83CA1B672575A4D700E748F8 /* Utils */,
				8396BE032575512700788134 /* JSON animations */,
				8396BDD925754F6800788134 /* Assets.xcassets */,
				8396BDDE25754F6800788134 /* Info.plist */,
				8396BE352575535400788134 /* GoogleService-Info.plist */,
				8396BDDB25754F6800788134 /* Preview Content */,
			);
			path = FlickriFy;
			sourceTree = "<group>";
		};
		8396BDDB25754F6800788134 /* Preview Content */ = {
			isa = PBXGroup;
			children = (
				8396BDDC25754F6800788134 /* Preview Assets.xcassets */,
			);
			path = "Preview Content";
			sourceTree = "<group>";
		};
		8396BDE625754F6800788134 /* FlickriFyTests */ = {
			isa = PBXGroup;
			children = (
				8396BDE725754F6800788134 /* FlickriFyTests.swift */,
				8396BDE925754F6800788134 /* Info.plist */,
			);
			path = FlickriFyTests;
			sourceTree = "<group>";
		};
		8396BDF125754F6800788134 /* FlickriFyUITests */ = {
			isa = PBXGroup;
			children = (
				8396BDF225754F6800788134 /* FlickriFyUITests.swift */,
				8396BDF425754F6800788134 /* Info.plist */,
			);
			path = FlickriFyUITests;
			sourceTree = "<group>";
		};
		8396BE032575512700788134 /* JSON animations */ = {
			isa = PBXGroup;
			children = (
				8396BE062575516800788134 /* error404page.json */,
				8396BE042575516800788134 /* flickerLoading.json */,
				8396BE072575516800788134 /* flickLogoReveal.json */,
				8396BE082575516800788134 /* illustrationAnimation.json */,
				8396BE052575516800788134 /* peopleWithMobilePhones.json */,
			);
			path = "JSON animations";
			sourceTree = "<group>";
		};
		83CA1B642575A4D100E748F8 /* Model */ = {
			isa = PBXGroup;
			children = (
				83CA1B542575945000E748F8 /* Model.swift */,
			);
			path = Model;
			sourceTree = "<group>";
		};
		83CA1B672575A4D700E748F8 /* Utils */ = {
			isa = PBXGroup;
			children = (
				83CA1B602575A40600E748F8 /* LocationManager.swift */,
				83CA1B58257598D700E748F8 /* Alert.swift */,
				8396BE3925755EEB00788134 /* LottieAnimationView.swift */,
				83CA1B462575741900E748F8 /* Utilis.swift */,
			);
			path = Utils;
			sourceTree = "<group>";
		};
		83CA1B6C2575A4F100E748F8 /* API */ = {
			isa = PBXGroup;
			children = (
				83CA1B5C25759C4900E748F8 /* PhotosListViewModel.swift */,
				83CA1B5025758BE200E748F8 /* NetworkingManager.swift */,
			);
			path = API;
			sourceTree = "<group>";
		};
		A4FA9C88E48E4CF0ABEA6F34 /* Pods */ = {
			isa = PBXGroup;
			children = (
				7FCA34FD545B8CC8E357CA2C /* Pods-FlickriFy.debug.xcconfig */,
				5B9FA5A11E9A83AD0248BAA4 /* Pods-FlickriFy.release.xcconfig */,
				3C241974C09A9C7E6FB0D3A4 /* Pods-FlickriFy-FlickriFyUITests.debug.xcconfig */,
				737B18BDE902D10C28DCA2D8 /* Pods-FlickriFy-FlickriFyUITests.release.xcconfig */,
				D2AD9EF7BA295090F3C8C56D /* Pods-FlickriFyTests.debug.xcconfig */,
				1E354494A9B46F9F03B481C0 /* Pods-FlickriFyTests.release.xcconfig */,
			);
			path = Pods;
			sourceTree = "<group>";
		};
/* End PBXGroup section */

/* Begin PBXNativeTarget section */
		8396BDD125754F6500788134 /* FlickriFy */ = {
			isa = PBXNativeTarget;
			buildConfigurationList = 8396BDF725754F6800788134 /* Build configuration list for PBXNativeTarget "FlickriFy" */;
			buildPhases = (
				AF929FAF1BD2CA4356DDE43F /* [CP] Check Pods Manifest.lock */,
				8396BDCE25754F6500788134 /* Sources */,
				8396BDCF25754F6500788134 /* Frameworks */,
				8396BDD025754F6500788134 /* Resources */,
				8396BE15257551EE00788134 /* Embed Frameworks */,
				EBFB1FF1889B9E9600542EA6 /* [CP] Embed Pods Frameworks */,
			);
			buildRules = (
			);
			dependencies = (
			);
			name = FlickriFy;
			packageProductDependencies = (
				8396BE12257551EE00788134 /* LNPopupUI */,
				8396BE192575521100788134 /* Lottie */,
			);
			productName = FlickriFy;
			productReference = 8396BDD225754F6500788134 /* FlickriFy.app */;
			productType = "com.apple.product-type.application";
		};
		8396BDE225754F6800788134 /* FlickriFyTests */ = {
			isa = PBXNativeTarget;
			buildConfigurationList = 8396BDFA25754F6800788134 /* Build configuration list for PBXNativeTarget "FlickriFyTests" */;
			buildPhases = (
				63BED9255251E61524497EFE /* [CP] Check Pods Manifest.lock */,
				8396BDDF25754F6800788134 /* Sources */,
				8396BDE025754F6800788134 /* Frameworks */,
				8396BDE125754F6800788134 /* Resources */,
			);
			buildRules = (
			);
			dependencies = (
				8396BDE525754F6800788134 /* PBXTargetDependency */,
			);
			name = FlickriFyTests;
			productName = FlickriFyTests;
			productReference = 8396BDE325754F6800788134 /* FlickriFyTests.xctest */;
			productType = "com.apple.product-type.bundle.unit-test";
		};
		8396BDED25754F6800788134 /* FlickriFyUITests */ = {
			isa = PBXNativeTarget;
			buildConfigurationList = 8396BDFD25754F6800788134 /* Build configuration list for PBXNativeTarget "FlickriFyUITests" */;
			buildPhases = (
				42E8A557B4CDA803D94EDCC8 /* [CP] Check Pods Manifest.lock */,
				8396BDEA25754F6800788134 /* Sources */,
				8396BDEB25754F6800788134 /* Frameworks */,
				8396BDEC25754F6800788134 /* Resources */,
				07D945DE00D3DFD9EBE61EA6 /* [CP] Embed Pods Frameworks */,
			);
			buildRules = (
			);
			dependencies = (
				8396BDF025754F6800788134 /* PBXTargetDependency */,
			);
			name = FlickriFyUITests;
			productName = FlickriFyUITests;
			productReference = 8396BDEE25754F6800788134 /* FlickriFyUITests.xctest */;
			productType = "com.apple.product-type.bundle.ui-testing";
		};
/* End PBXNativeTarget section */

/* Begin PBXProject section */
		8396BDCA25754F6500788134 /* Project object */ = {
			isa = PBXProject;
			attributes = {
				LastSwiftUpdateCheck = 1220;
				LastUpgradeCheck = 1220;
				TargetAttributes = {
					8396BDD125754F6500788134 = {
						CreatedOnToolsVersion = 12.2;
					};
					8396BDE225754F6800788134 = {
						CreatedOnToolsVersion = 12.2;
						TestTargetID = 8396BDD125754F6500788134;
					};
					8396BDED25754F6800788134 = {
						CreatedOnToolsVersion = 12.2;
						TestTargetID = 8396BDD125754F6500788134;
					};
				};
			};
			buildConfigurationList = 8396BDCD25754F6500788134 /* Build configuration list for PBXProject "FlickriFy" */;
			compatibilityVersion = "Xcode 9.3";
			developmentRegion = en;
			hasScannedForEncodings = 0;
			knownRegions = (
				en,
				Base,
			);
			mainGroup = 8396BDC925754F6500788134;
			packageReferences = (
				8396BE11257551EE00788134 /* XCRemoteSwiftPackageReference "LNPopupUI" */,
				8396BE182575521100788134 /* XCRemoteSwiftPackageReference "lottie-ios" */,
			);
			productRefGroup = 8396BDD325754F6500788134 /* Products */;
			projectDirPath = "";
			projectRoot = "";
			targets = (
				8396BDD125754F6500788134 /* FlickriFy */,
				8396BDE225754F6800788134 /* FlickriFyTests */,
				8396BDED25754F6800788134 /* FlickriFyUITests */,
			);
		};
/* End PBXProject section */

/* Begin PBXResourcesBuildPhase section */
		8396BDD025754F6500788134 /* Resources */ = {
			isa = PBXResourcesBuildPhase;
			buildActionMask = 2147483647;
			files = (
				8396BDDD25754F6800788134 /* Preview Assets.xcassets in Resources */,
				8396BE362575535400788134 /* GoogleService-Info.plist in Resources */,
				8396BE0D2575516900788134 /* illustrationAnimation.json in Resources */,
				8396BE0C2575516900788134 /* flickLogoReveal.json in Resources */,
				8396BE0A2575516900788134 /* peopleWithMobilePhones.json in Resources */,
				8396BE0B2575516900788134 /* error404page.json in Resources */,
				8396BE092575516900788134 /* flickerLoading.json in Resources */,
				8396BDDA25754F6800788134 /* Assets.xcassets in Resources */,
			);
			runOnlyForDeploymentPostprocessing = 0;
		};
		8396BDE125754F6800788134 /* Resources */ = {
			isa = PBXResourcesBuildPhase;
			buildActionMask = 2147483647;
			files = (
			);
			runOnlyForDeploymentPostprocessing = 0;
		};
		8396BDEC25754F6800788134 /* Resources */ = {
			isa = PBXResourcesBuildPhase;
			buildActionMask = 2147483647;
			files = (
			);
			runOnlyForDeploymentPostprocessing = 0;
		};
/* End PBXResourcesBuildPhase section */

/* Begin PBXShellScriptBuildPhase section */
		07D945DE00D3DFD9EBE61EA6 /* [CP] Embed Pods Frameworks */ = {
			isa = PBXShellScriptBuildPhase;
			buildActionMask = 2147483647;
			files = (
			);
			inputFileListPaths = (
				"${PODS_ROOT}/Target Support Files/Pods-FlickriFy-FlickriFyUITests/Pods-FlickriFy-FlickriFyUITests-frameworks-${CONFIGURATION}-input-files.xcfilelist",
			);
			name = "[CP] Embed Pods Frameworks";
			outputFileListPaths = (
				"${PODS_ROOT}/Target Support Files/Pods-FlickriFy-FlickriFyUITests/Pods-FlickriFy-FlickriFyUITests-frameworks-${CONFIGURATION}-output-files.xcfilelist",
			);
			runOnlyForDeploymentPostprocessing = 0;
			shellPath = /bin/sh;
			shellScript = "\"${PODS_ROOT}/Target Support Files/Pods-FlickriFy-FlickriFyUITests/Pods-FlickriFy-FlickriFyUITests-frameworks.sh\"\n";
			showEnvVarsInLog = 0;
		};
		42E8A557B4CDA803D94EDCC8 /* [CP] Check Pods Manifest.lock */ = {
			isa = PBXShellScriptBuildPhase;
			buildActionMask = 2147483647;
			files = (
			);
			inputFileListPaths = (
			);
			inputPaths = (
				"${PODS_PODFILE_DIR_PATH}/Podfile.lock",
				"${PODS_ROOT}/Manifest.lock",
			);
			name = "[CP] Check Pods Manifest.lock";
			outputFileListPaths = (
			);
			outputPaths = (
				"$(DERIVED_FILE_DIR)/Pods-FlickriFy-FlickriFyUITests-checkManifestLockResult.txt",
			);
			runOnlyForDeploymentPostprocessing = 0;
			shellPath = /bin/sh;
			shellScript = "diff \"${PODS_PODFILE_DIR_PATH}/Podfile.lock\" \"${PODS_ROOT}/Manifest.lock\" > /dev/null\nif [ $? != 0 ] ; then\n    # print error to STDERR\n    echo \"error: The sandbox is not in sync with the Podfile.lock. Run 'pod install' or update your CocoaPods installation.\" >&2\n    exit 1\nfi\n# This output is used by Xcode 'outputs' to avoid re-running this script phase.\necho \"SUCCESS\" > \"${SCRIPT_OUTPUT_FILE_0}\"\n";
			showEnvVarsInLog = 0;
		};
		63BED9255251E61524497EFE /* [CP] Check Pods Manifest.lock */ = {
			isa = PBXShellScriptBuildPhase;
			buildActionMask = 2147483647;
			files = (
			);
			inputFileListPaths = (
			);
			inputPaths = (
				"${PODS_PODFILE_DIR_PATH}/Podfile.lock",
				"${PODS_ROOT}/Manifest.lock",
			);
			name = "[CP] Check Pods Manifest.lock";
			outputFileListPaths = (
			);
			outputPaths = (
				"$(DERIVED_FILE_DIR)/Pods-FlickriFyTests-checkManifestLockResult.txt",
			);
			runOnlyForDeploymentPostprocessing = 0;
			shellPath = /bin/sh;
			shellScript = "diff \"${PODS_PODFILE_DIR_PATH}/Podfile.lock\" \"${PODS_ROOT}/Manifest.lock\" > /dev/null\nif [ $? != 0 ] ; then\n    # print error to STDERR\n    echo \"error: The sandbox is not in sync with the Podfile.lock. Run 'pod install' or update your CocoaPods installation.\" >&2\n    exit 1\nfi\n# This output is used by Xcode 'outputs' to avoid re-running this script phase.\necho \"SUCCESS\" > \"${SCRIPT_OUTPUT_FILE_0}\"\n";
			showEnvVarsInLog = 0;
		};
		AF929FAF1BD2CA4356DDE43F /* [CP] Check Pods Manifest.lock */ = {
			isa = PBXShellScriptBuildPhase;
			buildActionMask = 2147483647;
			files = (
			);
			inputFileListPaths = (
			);
			inputPaths = (
				"${PODS_PODFILE_DIR_PATH}/Podfile.lock",
				"${PODS_ROOT}/Manifest.lock",
			);
			name = "[CP] Check Pods Manifest.lock";
			outputFileListPaths = (
			);
			outputPaths = (
				"$(DERIVED_FILE_DIR)/Pods-FlickriFy-checkManifestLockResult.txt",
			);
			runOnlyForDeploymentPostprocessing = 0;
			shellPath = /bin/sh;
			shellScript = "diff \"${PODS_PODFILE_DIR_PATH}/Podfile.lock\" \"${PODS_ROOT}/Manifest.lock\" > /dev/null\nif [ $? != 0 ] ; then\n    # print error to STDERR\n    echo \"error: The sandbox is not in sync with the Podfile.lock. Run 'pod install' or update your CocoaPods installation.\" >&2\n    exit 1\nfi\n# This output is used by Xcode 'outputs' to avoid re-running this script phase.\necho \"SUCCESS\" > \"${SCRIPT_OUTPUT_FILE_0}\"\n";
			showEnvVarsInLog = 0;
		};
		EBFB1FF1889B9E9600542EA6 /* [CP] Embed Pods Frameworks */ = {
			isa = PBXShellScriptBuildPhase;
			buildActionMask = 2147483647;
			files = (
			);
			inputFileListPaths = (
				"${PODS_ROOT}/Target Support Files/Pods-FlickriFy/Pods-FlickriFy-frameworks-${CONFIGURATION}-input-files.xcfilelist",
			);
			name = "[CP] Embed Pods Frameworks";
			outputFileListPaths = (
				"${PODS_ROOT}/Target Support Files/Pods-FlickriFy/Pods-FlickriFy-frameworks-${CONFIGURATION}-output-files.xcfilelist",
			);
			runOnlyForDeploymentPostprocessing = 0;
			shellPath = /bin/sh;
			shellScript = "\"${PODS_ROOT}/Target Support Files/Pods-FlickriFy/Pods-FlickriFy-frameworks.sh\"\n";
			showEnvVarsInLog = 0;
		};
/* End PBXShellScriptBuildPhase section */

/* Begin PBXSourcesBuildPhase section */
		8396BDCE25754F6500788134 /* Sources */ = {
			isa = PBXSourcesBuildPhase;
			buildActionMask = 2147483647;
			files = (
				8396BDD825754F6500788134 /* HomeView.swift in Sources */,
				83CA1B5D25759C4900E748F8 /* PhotosListViewModel.swift in Sources */,
				83CA1B472575741900E748F8 /* Utilis.swift in Sources */,
				8396BE3A25755EEB00788134 /* LottieAnimationView.swift in Sources */,
				83CA1B552575945000E748F8 /* Model.swift in Sources */,
				83CA1B5125758BE200E748F8 /* NetworkingManager.swift in Sources */,
				8396BDD625754F6500788134 /* FlickriFyApp.swift in Sources */,
				83CA1B59257598D800E748F8 /* Alert.swift in Sources */,
				83CA1B612575A40600E748F8 /* LocationManager.swift in Sources */,
			);
			runOnlyForDeploymentPostprocessing = 0;
		};
		8396BDDF25754F6800788134 /* Sources */ = {
			isa = PBXSourcesBuildPhase;
			buildActionMask = 2147483647;
			files = (
				8396BDE825754F6800788134 /* FlickriFyTests.swift in Sources */,
			);
			runOnlyForDeploymentPostprocessing = 0;
		};
		8396BDEA25754F6800788134 /* Sources */ = {
			isa = PBXSourcesBuildPhase;
			buildActionMask = 2147483647;
			files = (
				8396BDF325754F6800788134 /* FlickriFyUITests.swift in Sources */,
			);
			runOnlyForDeploymentPostprocessing = 0;
		};
/* End PBXSourcesBuildPhase section */

/* Begin PBXTargetDependency section */
		8396BDE525754F6800788134 /* PBXTargetDependency */ = {
			isa = PBXTargetDependency;
			target = 8396BDD125754F6500788134 /* FlickriFy */;
			targetProxy = 8396BDE425754F6800788134 /* PBXContainerItemProxy */;
		};
		8396BDF025754F6800788134 /* PBXTargetDependency */ = {
			isa = PBXTargetDependency;
			target = 8396BDD125754F6500788134 /* FlickriFy */;
			targetProxy = 8396BDEF25754F6800788134 /* PBXContainerItemProxy */;
		};
/* End PBXTargetDependency section */

/* Begin XCBuildConfiguration section */
		8396BDF525754F6800788134 /* Debug */ = {
			isa = XCBuildConfiguration;
			buildSettings = {
				ALWAYS_SEARCH_USER_PATHS = NO;
				CLANG_ANALYZER_NONNULL = YES;
				CLANG_ANALYZER_NUMBER_OBJECT_CONVERSION = YES_AGGRESSIVE;
				CLANG_CXX_LANGUAGE_STANDARD = "gnu++14";
				CLANG_CXX_LIBRARY = "libc++";
				CLANG_ENABLE_MODULES = YES;
				CLANG_ENABLE_OBJC_ARC = YES;
				CLANG_ENABLE_OBJC_WEAK = YES;
				CLANG_WARN_BLOCK_CAPTURE_AUTORELEASING = YES;
				CLANG_WARN_BOOL_CONVERSION = YES;
				CLANG_WARN_COMMA = YES;
				CLANG_WARN_CONSTANT_CONVERSION = YES;
				CLANG_WARN_DEPRECATED_OBJC_IMPLEMENTATIONS = YES;
				CLANG_WARN_DIRECT_OBJC_ISA_USAGE = YES_ERROR;
				CLANG_WARN_DOCUMENTATION_COMMENTS = YES;
				CLANG_WARN_EMPTY_BODY = YES;
				CLANG_WARN_ENUM_CONVERSION = YES;
				CLANG_WARN_INFINITE_RECURSION = YES;
				CLANG_WARN_INT_CONVERSION = YES;
				CLANG_WARN_NON_LITERAL_NULL_CONVERSION = YES;
				CLANG_WARN_OBJC_IMPLICIT_RETAIN_SELF = YES;
				CLANG_WARN_OBJC_LITERAL_CONVERSION = YES;
				CLANG_WARN_OBJC_ROOT_CLASS = YES_ERROR;
				CLANG_WARN_QUOTED_INCLUDE_IN_FRAMEWORK_HEADER = YES;
				CLANG_WARN_RANGE_LOOP_ANALYSIS = YES;
				CLANG_WARN_STRICT_PROTOTYPES = YES;
				CLANG_WARN_SUSPICIOUS_MOVE = YES;
				CLANG_WARN_UNGUARDED_AVAILABILITY = YES_AGGRESSIVE;
				CLANG_WARN_UNREACHABLE_CODE = YES;
				CLANG_WARN__DUPLICATE_METHOD_MATCH = YES;
				COPY_PHASE_STRIP = NO;
				DEBUG_INFORMATION_FORMAT = dwarf;
				ENABLE_STRICT_OBJC_MSGSEND = YES;
				ENABLE_TESTABILITY = YES;
				GCC_C_LANGUAGE_STANDARD = gnu11;
				GCC_DYNAMIC_NO_PIC = NO;
				GCC_NO_COMMON_BLOCKS = YES;
				GCC_OPTIMIZATION_LEVEL = 0;
				GCC_PREPROCESSOR_DEFINITIONS = (
					"DEBUG=1",
					"$(inherited)",
				);
				GCC_WARN_64_TO_32_BIT_CONVERSION = YES;
				GCC_WARN_ABOUT_RETURN_TYPE = YES_ERROR;
				GCC_WARN_UNDECLARED_SELECTOR = YES;
				GCC_WARN_UNINITIALIZED_AUTOS = YES_AGGRESSIVE;
				GCC_WARN_UNUSED_FUNCTION = YES;
				GCC_WARN_UNUSED_VARIABLE = YES;
				IPHONEOS_DEPLOYMENT_TARGET = 14.2;
				MTL_ENABLE_DEBUG_INFO = INCLUDE_SOURCE;
				MTL_FAST_MATH = YES;
				ONLY_ACTIVE_ARCH = YES;
				SDKROOT = iphoneos;
				SWIFT_ACTIVE_COMPILATION_CONDITIONS = DEBUG;
				SWIFT_OPTIMIZATION_LEVEL = "-Onone";
			};
			name = Debug;
		};
		8396BDF625754F6800788134 /* Release */ = {
			isa = XCBuildConfiguration;
			buildSettings = {
				ALWAYS_SEARCH_USER_PATHS = NO;
				CLANG_ANALYZER_NONNULL = YES;
				CLANG_ANALYZER_NUMBER_OBJECT_CONVERSION = YES_AGGRESSIVE;
				CLANG_CXX_LANGUAGE_STANDARD = "gnu++14";
				CLANG_CXX_LIBRARY = "libc++";
				CLANG_ENABLE_MODULES = YES;
				CLANG_ENABLE_OBJC_ARC = YES;
				CLANG_ENABLE_OBJC_WEAK = YES;
				CLANG_WARN_BLOCK_CAPTURE_AUTORELEASING = YES;
				CLANG_WARN_BOOL_CONVERSION = YES;
				CLANG_WARN_COMMA = YES;
				CLANG_WARN_CONSTANT_CONVERSION = YES;
				CLANG_WARN_DEPRECATED_OBJC_IMPLEMENTATIONS = YES;
				CLANG_WARN_DIRECT_OBJC_ISA_USAGE = YES_ERROR;
				CLANG_WARN_DOCUMENTATION_COMMENTS = YES;
				CLANG_WARN_EMPTY_BODY = YES;
				CLANG_WARN_ENUM_CONVERSION = YES;
				CLANG_WARN_INFINITE_RECURSION = YES;
				CLANG_WARN_INT_CONVERSION = YES;
				CLANG_WARN_NON_LITERAL_NULL_CONVERSION = YES;
				CLANG_WARN_OBJC_IMPLICIT_RETAIN_SELF = YES;
				CLANG_WARN_OBJC_LITERAL_CONVERSION = YES;
				CLANG_WARN_OBJC_ROOT_CLASS = YES_ERROR;
				CLANG_WARN_QUOTED_INCLUDE_IN_FRAMEWORK_HEADER = YES;
				CLANG_WARN_RANGE_LOOP_ANALYSIS = YES;
				CLANG_WARN_STRICT_PROTOTYPES = YES;
				CLANG_WARN_SUSPICIOUS_MOVE = YES;
				CLANG_WARN_UNGUARDED_AVAILABILITY = YES_AGGRESSIVE;
				CLANG_WARN_UNREACHABLE_CODE = YES;
				CLANG_WARN__DUPLICATE_METHOD_MATCH = YES;
				COPY_PHASE_STRIP = NO;
				DEBUG_INFORMATION_FORMAT = "dwarf-with-dsym";
				ENABLE_NS_ASSERTIONS = NO;
				ENABLE_STRICT_OBJC_MSGSEND = YES;
				GCC_C_LANGUAGE_STANDARD = gnu11;
				GCC_NO_COMMON_BLOCKS = YES;
				GCC_WARN_64_TO_32_BIT_CONVERSION = YES;
				GCC_WARN_ABOUT_RETURN_TYPE = YES_ERROR;
				GCC_WARN_UNDECLARED_SELECTOR = YES;
				GCC_WARN_UNINITIALIZED_AUTOS = YES_AGGRESSIVE;
				GCC_WARN_UNUSED_FUNCTION = YES;
				GCC_WARN_UNUSED_VARIABLE = YES;
				IPHONEOS_DEPLOYMENT_TARGET = 14.2;
				MTL_ENABLE_DEBUG_INFO = NO;
				MTL_FAST_MATH = YES;
				SDKROOT = iphoneos;
				SWIFT_COMPILATION_MODE = wholemodule;
				SWIFT_OPTIMIZATION_LEVEL = "-O";
				VALIDATE_PRODUCT = YES;
			};
			name = Release;
		};
		8396BDF825754F6800788134 /* Debug */ = {
			isa = XCBuildConfiguration;
			baseConfigurationReference = 7FCA34FD545B8CC8E357CA2C /* Pods-FlickriFy.debug.xcconfig */;
			buildSettings = {
				ASSETCATALOG_COMPILER_APPICON_NAME = AppIcon;
				ASSETCATALOG_COMPILER_GLOBAL_ACCENT_COLOR_NAME = AccentColor;
				CODE_SIGN_STYLE = Automatic;
				DEVELOPMENT_ASSET_PATHS = "\"FlickriFy/Preview Content\"";
				DEVELOPMENT_TEAM = UGDUJASRTY;
				ENABLE_PREVIEWS = YES;
				INFOPLIST_FILE = FlickriFy/Info.plist;
				IPHONEOS_DEPLOYMENT_TARGET = 14.0;
				LD_RUNPATH_SEARCH_PATHS = (
					"$(inherited)",
					"@executable_path/Frameworks",
				);
				PRODUCT_BUNDLE_IDENTIFIER = com.ARMobileApps.org.FlickriFy;
				PRODUCT_NAME = "$(TARGET_NAME)";
				SWIFT_VERSION = 5.0;
				TARGETED_DEVICE_FAMILY = "1,2";
			};
			name = Debug;
		};
		8396BDF925754F6800788134 /* Release */ = {
			isa = XCBuildConfiguration;
			baseConfigurationReference = 5B9FA5A11E9A83AD0248BAA4 /* Pods-FlickriFy.release.xcconfig */;
			buildSettings = {
				ASSETCATALOG_COMPILER_APPICON_NAME = AppIcon;
				ASSETCATALOG_COMPILER_GLOBAL_ACCENT_COLOR_NAME = AccentColor;
				CODE_SIGN_STYLE = Automatic;
				DEVELOPMENT_ASSET_PATHS = "\"FlickriFy/Preview Content\"";
				DEVELOPMENT_TEAM = UGDUJASRTY;
				ENABLE_PREVIEWS = YES;
				INFOPLIST_FILE = FlickriFy/Info.plist;
				IPHONEOS_DEPLOYMENT_TARGET = 14.0;
				LD_RUNPATH_SEARCH_PATHS = (
					"$(inherited)",
					"@executable_path/Frameworks",
				);
				PRODUCT_BUNDLE_IDENTIFIER = com.ARMobileApps.org.FlickriFy;
				PRODUCT_NAME = "$(TARGET_NAME)";
				SWIFT_VERSION = 5.0;
				TARGETED_DEVICE_FAMILY = "1,2";
			};
			name = Release;
		};
		8396BDFB25754F6800788134 /* Debug */ = {
			isa = XCBuildConfiguration;
			baseConfigurationReference = D2AD9EF7BA295090F3C8C56D /* Pods-FlickriFyTests.debug.xcconfig */;
			buildSettings = {
				ALWAYS_EMBED_SWIFT_STANDARD_LIBRARIES = YES;
				BUNDLE_LOADER = "$(TEST_HOST)";
				CODE_SIGN_STYLE = Automatic;
				DEVELOPMENT_TEAM = UGDUJASRTY;
				INFOPLIST_FILE = FlickriFyTests/Info.plist;
				IPHONEOS_DEPLOYMENT_TARGET = 14.0;
				LD_RUNPATH_SEARCH_PATHS = (
					"$(inherited)",
					"@executable_path/Frameworks",
					"@loader_path/Frameworks",
				);
				PRODUCT_BUNDLE_IDENTIFIER = com.ARMobileApps.org.FlickriFyTests;
				PRODUCT_NAME = "$(TARGET_NAME)";
				SWIFT_VERSION = 5.0;
				TARGETED_DEVICE_FAMILY = "1,2";
				TEST_HOST = "$(BUILT_PRODUCTS_DIR)/FlickriFy.app/FlickriFy";
			};
			name = Debug;
		};
		8396BDFC25754F6800788134 /* Release */ = {
			isa = XCBuildConfiguration;
			baseConfigurationReference = 1E354494A9B46F9F03B481C0 /* Pods-FlickriFyTests.release.xcconfig */;
			buildSettings = {
				ALWAYS_EMBED_SWIFT_STANDARD_LIBRARIES = YES;
				BUNDLE_LOADER = "$(TEST_HOST)";
				CODE_SIGN_STYLE = Automatic;
				DEVELOPMENT_TEAM = UGDUJASRTY;
				INFOPLIST_FILE = FlickriFyTests/Info.plist;
				IPHONEOS_DEPLOYMENT_TARGET = 14.0;
				LD_RUNPATH_SEARCH_PATHS = (
					"$(inherited)",
					"@executable_path/Frameworks",
					"@loader_path/Frameworks",
				);
				PRODUCT_BUNDLE_IDENTIFIER = com.ARMobileApps.org.FlickriFyTests;
				PRODUCT_NAME = "$(TARGET_NAME)";
				SWIFT_VERSION = 5.0;
				TARGETED_DEVICE_FAMILY = "1,2";
				TEST_HOST = "$(BUILT_PRODUCTS_DIR)/FlickriFy.app/FlickriFy";
			};
			name = Release;
		};
		8396BDFE25754F6800788134 /* Debug */ = {
			isa = XCBuildConfiguration;
			baseConfigurationReference = 3C241974C09A9C7E6FB0D3A4 /* Pods-FlickriFy-FlickriFyUITests.debug.xcconfig */;
			buildSettings = {
				ALWAYS_EMBED_SWIFT_STANDARD_LIBRARIES = YES;
				CODE_SIGN_STYLE = Automatic;
				DEVELOPMENT_TEAM = UGDUJASRTY;
				INFOPLIST_FILE = FlickriFyUITests/Info.plist;
				LD_RUNPATH_SEARCH_PATHS = (
					"$(inherited)",
					"@executable_path/Frameworks",
					"@loader_path/Frameworks",
				);
				PRODUCT_BUNDLE_IDENTIFIER = com.ARMobileApps.org.FlickriFyUITests;
				PRODUCT_NAME = "$(TARGET_NAME)";
				SWIFT_VERSION = 5.0;
				TARGETED_DEVICE_FAMILY = "1,2";
				TEST_TARGET_NAME = FlickriFy;
			};
			name = Debug;
		};
		8396BDFF25754F6800788134 /* Release */ = {
			isa = XCBuildConfiguration;
			baseConfigurationReference = 737B18BDE902D10C28DCA2D8 /* Pods-FlickriFy-FlickriFyUITests.release.xcconfig */;
			buildSettings = {
				ALWAYS_EMBED_SWIFT_STANDARD_LIBRARIES = YES;
				CODE_SIGN_STYLE = Automatic;
				DEVELOPMENT_TEAM = UGDUJASRTY;
				INFOPLIST_FILE = FlickriFyUITests/Info.plist;
				LD_RUNPATH_SEARCH_PATHS = (
					"$(inherited)",
					"@executable_path/Frameworks",
					"@loader_path/Frameworks",
				);
				PRODUCT_BUNDLE_IDENTIFIER = com.ARMobileApps.org.FlickriFyUITests;
				PRODUCT_NAME = "$(TARGET_NAME)";
				SWIFT_VERSION = 5.0;
				TARGETED_DEVICE_FAMILY = "1,2";
				TEST_TARGET_NAME = FlickriFy;
			};
			name = Release;
		};
/* End XCBuildConfiguration section */

/* Begin XCConfigurationList section */
		8396BDCD25754F6500788134 /* Build configuration list for PBXProject "FlickriFy" */ = {
			isa = XCConfigurationList;
			buildConfigurations = (
				8396BDF525754F6800788134 /* Debug */,
				8396BDF625754F6800788134 /* Release */,
			);
			defaultConfigurationIsVisible = 0;
			defaultConfigurationName = Release;
		};
		8396BDF725754F6800788134 /* Build configuration list for PBXNativeTarget "FlickriFy" */ = {
			isa = XCConfigurationList;
			buildConfigurations = (
				8396BDF825754F6800788134 /* Debug */,
				8396BDF925754F6800788134 /* Release */,
			);
			defaultConfigurationIsVisible = 0;
			defaultConfigurationName = Release;
		};
		8396BDFA25754F6800788134 /* Build configuration list for PBXNativeTarget "FlickriFyTests" */ = {
			isa = XCConfigurationList;
			buildConfigurations = (
				8396BDFB25754F6800788134 /* Debug */,
				8396BDFC25754F6800788134 /* Release */,
			);
			defaultConfigurationIsVisible = 0;
			defaultConfigurationName = Release;
		};
		8396BDFD25754F6800788134 /* Build configuration list for PBXNativeTarget "FlickriFyUITests" */ = {
			isa = XCConfigurationList;
			buildConfigurations = (
				8396BDFE25754F6800788134 /* Debug */,
				8396BDFF25754F6800788134 /* Release */,
			);
			defaultConfigurationIsVisible = 0;
			defaultConfigurationName = Release;
		};
/* End XCConfigurationList section */

/* Begin XCRemoteSwiftPackageReference section */
		8396BE11257551EE00788134 /* XCRemoteSwiftPackageReference "LNPopupUI" */ = {
			isa = XCRemoteSwiftPackageReference;
			repositoryURL = "https://github.com/LeoNatan/LNPopupUI";
			requirement = {
				kind = upToNextMajorVersion;
				minimumVersion = 1.2.7;
			};
		};
		8396BE182575521100788134 /* XCRemoteSwiftPackageReference "lottie-ios" */ = {
			isa = XCRemoteSwiftPackageReference;
			repositoryURL = "https://github.com/airbnb/lottie-ios";
			requirement = {
				kind = upToNextMajorVersion;
				minimumVersion = 3.1.9;
			};
		};
/* End XCRemoteSwiftPackageReference section */

/* Begin XCSwiftPackageProductDependency section */
		8396BE12257551EE00788134 /* LNPopupUI */ = {
			isa = XCSwiftPackageProductDependency;
			package = 8396BE11257551EE00788134 /* XCRemoteSwiftPackageReference "LNPopupUI" */;
			productName = LNPopupUI;
		};
		8396BE192575521100788134 /* Lottie */ = {
			isa = XCSwiftPackageProductDependency;
			package = 8396BE182575521100788134 /* XCRemoteSwiftPackageReference "lottie-ios" */;
			productName = Lottie;
		};
/* End XCSwiftPackageProductDependency section */
	};
	rootObject = 8396BDCA25754F6500788134 /* Project object */;
}
